
Microsoft Visual Studio Solution File, Format Version 12.00
# Visual Studio Version 17
VisualStudioVersion = 17.1.32414.318
MinimumVisualStudioVersion = 10.0.40219.1
Project("{9A19103F-16F7-4668-BE54-9A1E7A4F7556}") = "TestMicroservicio.API", "TestMicroservicio.API.csproj", "{C36256CA-0964-400F-ABFD-05A3C709319E}"
EndProject
Project("{2150E333-8FDC-42A3-9474-1A3956D46DE8}") = "01. API", "01. API", "{FC0821E2-52AE-46D7-B808-39352883F1F8}"
EndProject
Global
	GlobalSection(SolutionConfigurationPlatforms) = preSolution
		Debug|Any CPU = Debug|Any CPU
		Release|Any CPU = Release|Any CPU
	EndGlobalSection
	GlobalSection(ProjectConfigurationPlatforms) = postSolution
		{C36256CA-0964-400F-ABFD-05A3C709319E}.Debug|Any CPU.ActiveCfg = Debug|Any CPU
		{C36256CA-0964-400F-ABFD-05A3C709319E}.Debug|Any CPU.Build.0 = Debug|Any CPU
		{C36256CA-0964-400F-ABFD-05A3C709319E}.Release|Any CPU.ActiveCfg = Release|Any CPU
		{C36256CA-0964-400F-ABFD-05A3C709319E}.Release|Any CPU.Build.0 = Release|Any CPU
	EndGlobalSection
	GlobalSection(SolutionProperties) = preSolution
		HideSolutionNode = FALSE
	EndGlobalSection
	GlobalSection(NestedProjects) = preSolution
		{C36256CA-0964-400F-ABFD-05A3C709319E} = {FC0821E2-52AE-46D7-B808-39352883F1F8}
	EndGlobalSection
	GlobalSection(ExtensibilityGlobals) = postSolution
		SolutionGuid = {4BE7CD6C-2A86-4A33-9209-BB072FED0D55}
	EndGlobalSection
EndGlobal
